
Microsoft Visual Studio Solution File, Format Version 12.00
# Visual Studio 14
VisualStudioVersion = 14.0.25123.0
MinimumVisualStudioVersion = 10.0.40219.1
Project("{FAE04EC0-301F-11D3-BF4B-00C04F79EFBC}") = "Lab1501", "Lab1501\Lab1501.csproj", "{9D8171F4-4CE4-4CEF-9A76-E91735E6BDAA}"
EndProject
Project("{FAE04EC0-301F-11D3-BF4B-00C04F79EFBC}") = "Lab1502", "Lab1502\Lab1502.csproj", "{9846CFBE-00F5-4CA3-92FF-EB0BAEFA0FB1}"
EndProject
Global
	GlobalSection(SolutionConfigurationPlatforms) = preSolution
		Debug|Any CPU = Debug|Any CPU
		Release|Any CPU = Release|Any CPU
	EndGlobalSection
	GlobalSection(ProjectConfigurationPlatforms) = postSolution
		{9D8171F4-4CE4-4CEF-9A76-E91735E6BDAA}.Debug|Any CPU.ActiveCfg = Debug|Any CPU
		{9D8171F4-4CE4-4CEF-9A76-E91735E6BDAA}.Debug|Any CPU.Build.0 = Debug|Any CPU
		{9D8171F4-4CE4-4CEF-9A76-E91735E6BDAA}.Release|Any CPU.ActiveCfg = Release|Any CPU
		{9D8171F4-4CE4-4CEF-9A76-E91735E6BDAA}.Release|Any CPU.Build.0 = Release|Any CPU
		{9846CFBE-00F5-4CA3-92FF-EB0BAEFA0FB1}.Debug|Any CPU.ActiveCfg = Debug|Any CPU
		{9846CFBE-00F5-4CA3-92FF-EB0BAEFA0FB1}.Debug|Any CPU.Build.0 = Debug|Any CPU
		{9846CFBE-00F5-4CA3-92FF-EB0BAEFA0FB1}.Release|Any CPU.ActiveCfg = Release|Any CPU
		{9846CFBE-00F5-4CA3-92FF-EB0BAEFA0FB1}.Release|Any CPU.Build.0 = Release|Any CPU
	EndGlobalSection
	GlobalSection(SolutionProperties) = preSolution
		HideSolutionNode = FALSE
	EndGlobalSection
EndGlobal
