
Microsoft Visual Studio Solution File, Format Version 12.00
# Visual Studio 14
VisualStudioVersion = 14.0.25123.0
MinimumVisualStudioVersion = 10.0.40219.1
Project("{FAE04EC0-301F-11D3-BF4B-00C04F79EFBC}") = "Lab2701", "Lab2701\Lab2701.csproj", "{B84BDAA9-79E3-4C91-8B6D-D12079ACD31D}"
EndProject
Project("{FAE04EC0-301F-11D3-BF4B-00C04F79EFBC}") = "Lab2702", "Lab2702\Lab2702.csproj", "{FD70F9E2-B50A-4EC2-BDC0-E08015A8A13D}"
EndProject
Global
	GlobalSection(SolutionConfigurationPlatforms) = preSolution
		Debug|Any CPU = Debug|Any CPU
		Release|Any CPU = Release|Any CPU
	EndGlobalSection
	GlobalSection(ProjectConfigurationPlatforms) = postSolution
		{B84BDAA9-79E3-4C91-8B6D-D12079ACD31D}.Debug|Any CPU.ActiveCfg = Debug|Any CPU
		{B84BDAA9-79E3-4C91-8B6D-D12079ACD31D}.Debug|Any CPU.Build.0 = Debug|Any CPU
		{B84BDAA9-79E3-4C91-8B6D-D12079ACD31D}.Release|Any CPU.ActiveCfg = Release|Any CPU
		{B84BDAA9-79E3-4C91-8B6D-D12079ACD31D}.Release|Any CPU.Build.0 = Release|Any CPU
		{FD70F9E2-B50A-4EC2-BDC0-E08015A8A13D}.Debug|Any CPU.ActiveCfg = Debug|Any CPU
		{FD70F9E2-B50A-4EC2-BDC0-E08015A8A13D}.Debug|Any CPU.Build.0 = Debug|Any CPU
		{FD70F9E2-B50A-4EC2-BDC0-E08015A8A13D}.Release|Any CPU.ActiveCfg = Release|Any CPU
		{FD70F9E2-B50A-4EC2-BDC0-E08015A8A13D}.Release|Any CPU.Build.0 = Release|Any CPU
	EndGlobalSection
	GlobalSection(SolutionProperties) = preSolution
		HideSolutionNode = FALSE
	EndGlobalSection
EndGlobal
