
Microsoft Visual Studio Solution File, Format Version 12.00
# Visual Studio 14
VisualStudioVersion = 14.0.25123.0
MinimumVisualStudioVersion = 10.0.40219.1
Project("{FAE04EC0-301F-11D3-BF4B-00C04F79EFBC}") = "Lab13", "Lab13\Lab13.csproj", "{73ADAB85-869E-4C9A-A13F-687B49E5688C}"
EndProject
Global
	GlobalSection(SolutionConfigurationPlatforms) = preSolution
		Debug|Any CPU = Debug|Any CPU
		Release|Any CPU = Release|Any CPU
	EndGlobalSection
	GlobalSection(ProjectConfigurationPlatforms) = postSolution
		{73ADAB85-869E-4C9A-A13F-687B49E5688C}.Debug|Any CPU.ActiveCfg = Debug|Any CPU
		{73ADAB85-869E-4C9A-A13F-687B49E5688C}.Debug|Any CPU.Build.0 = Debug|Any CPU
		{73ADAB85-869E-4C9A-A13F-687B49E5688C}.Release|Any CPU.ActiveCfg = Release|Any CPU
		{73ADAB85-869E-4C9A-A13F-687B49E5688C}.Release|Any CPU.Build.0 = Release|Any CPU
	EndGlobalSection
	GlobalSection(SolutionProperties) = preSolution
		HideSolutionNode = FALSE
	EndGlobalSection
EndGlobal
